github.com/go-chi/chi/v5 v5.0.7 h1:rDTPXLDHGATaeHvVlLcR4Qe0zftYethFucbjVQ1PxU8=
github.com/go-chi/chi/v5 v5.0.7/go.mod h1:DslCQbL2OYiznFReuXYUmQ2hGd1aDpCnlMNITLSKoi8=
github.com/mattn/go-sqlite3 v1.14.10 h1:MLn+5bFRlWMGoSRmJour3CL1w/qL96mvipqpwQW/Sfk=
github.com/mattn/go-sqlite3 v1.14.10/go.mod h1:NyWgC/yNuGj7Q9rpYnZvas74GogHl5/Z4A/KQRfk6bU=
